// !$*UTF8*$!
{
	archiveVersion = 1;
	classes = {
	};
	objectVersion = 50;
	objects = {

/* Begin PBXBuildFile section */
		4F38A32C21A4FF270054F169 /* GameSelectorViewController.swift in Sources */ = {isa = PBXBuildFile; fileRef = 4F38A32B21A4FF270054F169 /* GameSelectorViewController.swift */; };
		4F38A32E21A501E30054F169 /* ConcentrationGameViewController.swift in Sources */ = {isa = PBXBuildFile; fileRef = 4F38A32D21A501E30054F169 /* ConcentrationGameViewController.swift */; };
		4F38A33021A501F00054F169 /* ConcentrationCard.swift in Sources */ = {isa = PBXBuildFile; fileRef = 4F38A32F21A501F00054F169 /* ConcentrationCard.swift */; };
		4F38A33221A502020054F169 /* Concentration.swift in Sources */ = {isa = PBXBuildFile; fileRef = 4F38A33121A502020054F169 /* Concentration.swift */; };
		4F962F1821AF6CFF001C0888 /* Untitled-1.jpg in Resources */ = {isa = PBXBuildFile; fileRef = 4F962F1721AF6CFF001C0888 /* Untitled-1.jpg */; };
		4FB640D121A4F9B30003742D /* AppDelegate.swift in Sources */ = {isa = PBXBuildFile; fileRef = 4FB640D021A4F9B30003742D /* AppDelegate.swift */; };
		4FB640D321A4F9B30003742D /* SetGameViewController.swift in Sources */ = {isa = PBXBuildFile; fileRef = 4FB640D221A4F9B30003742D /* SetGameViewController.swift */; };
		4FB640D621A4F9B30003742D /* Main.storyboard in Resources */ = {isa = PBXBuildFile; fileRef = 4FB640D421A4F9B30003742D /* Main.storyboard */; };
		4FB640D821A4F9B40003742D /* Assets.xcassets in Resources */ = {isa = PBXBuildFile; fileRef = 4FB640D721A4F9B40003742D /* Assets.xcassets */; };
		4FB640DB21A4F9B40003742D /* LaunchScreen.storyboard in Resources */ = {isa = PBXBuildFile; fileRef = 4FB640D921A4F9B40003742D /* LaunchScreen.storyboard */; };
		4FB640E321A4F9FB0003742D /* Card.swift in Sources */ = {isa = PBXBuildFile; fileRef = 4FB640E221A4F9FB0003742D /* Card.swift */; };
		4FB640E521A4FA110003742D /* Set.swift in Sources */ = {isa = PBXBuildFile; fileRef = 4FB640E421A4FA110003742D /* Set.swift */; };
		4FB640E721A4FA220003742D /* CardView.swift in Sources */ = {isa = PBXBuildFile; fileRef = 4FB640E621A4FA220003742D /* CardView.swift */; };
		4FB640E921A4FA350003742D /* Grid.swift in Sources */ = {isa = PBXBuildFile; fileRef = 4FB640E821A4FA350003742D /* Grid.swift */; };
		4FB640EB21A4FA440003742D /* GameView.swift in Sources */ = {isa = PBXBuildFile; fileRef = 4FB640EA21A4FA440003742D /* GameView.swift */; };
/* End PBXBuildFile section */

/* Begin PBXFileReference section */
		4F38A32B21A4FF270054F169 /* GameSelectorViewController.swift */ = {isa = PBXFileReference; lastKnownFileType = sourcecode.swift; path = GameSelectorViewController.swift; sourceTree = "<group>"; };
		4F38A32D21A501E30054F169 /* ConcentrationGameViewController.swift */ = {isa = PBXFileReference; lastKnownFileType = sourcecode.swift; path = ConcentrationGameViewController.swift; sourceTree = "<group>"; };
		4F38A32F21A501F00054F169 /* ConcentrationCard.swift */ = {isa = PBXFileReference; lastKnownFileType = sourcecode.swift; path = ConcentrationCard.swift; sourceTree = "<group>"; };
		4F38A33121A502020054F169 /* Concentration.swift */ = {isa = PBXFileReference; lastKnownFileType = sourcecode.swift; path = Concentration.swift; sourceTree = "<group>"; };
		4F962F1721AF6CFF001C0888 /* Untitled-1.jpg */ = {isa = PBXFileReference; lastKnownFileType = image.jpeg; path = "Untitled-1.jpg"; sourceTree = "<group>"; };
		4FB640CD21A4F9B30003742D /* MultipleMVC.app */ = {isa = PBXFileReference; explicitFileType = wrapper.application; includeInIndex = 0; path = MultipleMVC.app; sourceTree = BUILT_PRODUCTS_DIR; };
		4FB640D021A4F9B30003742D /* AppDelegate.swift */ = {isa = PBXFileReference; lastKnownFileType = sourcecode.swift; path = AppDelegate.swift; sourceTree = "<group>"; };
		4FB640D221A4F9B30003742D /* SetGameViewController.swift */ = {isa = PBXFileReference; lastKnownFileType = sourcecode.swift; path = SetGameViewController.swift; sourceTree = "<group>"; };
		4FB640D521A4F9B30003742D /* Base */ = {isa = PBXFileReference; lastKnownFileType = file.storyboard; name = Base; path = Base.lproj/Main.storyboard; sourceTree = "<group>"; };
		4FB640D721A4F9B40003742D /* Assets.xcassets */ = {isa = PBXFileReference; lastKnownFileType = folder.assetcatalog; path = Assets.xcassets; sourceTree = "<group>"; };
		4FB640DA21A4F9B40003742D /* Base */ = {isa = PBXFileReference; lastKnownFileType = file.storyboard; name = Base; path = Base.lproj/LaunchScreen.storyboard; sourceTree = "<group>"; };
		4FB640DC21A4F9B40003742D /* Info.plist */ = {isa = PBXFileReference; lastKnownFileType = text.plist.xml; path = Info.plist; sourceTree = "<group>"; };
		4FB640E221A4F9FB0003742D /* Card.swift */ = {isa = PBXFileReference; lastKnownFileType = sourcecode.swift; path = Card.swift; sourceTree = "<group>"; };
		4FB640E421A4FA110003742D /* Set.swift */ = {isa = PBXFileReference; lastKnownFileType = sourcecode.swift; path = Set.swift; sourceTree = "<group>"; };
		4FB640E621A4FA220003742D /* CardView.swift */ = {isa = PBXFileReference; lastKnownFileType = sourcecode.swift; path = CardView.swift; sourceTree = "<group>"; };
		4FB640E821A4FA350003742D /* Grid.swift */ = {isa = PBXFileReference; lastKnownFileType = sourcecode.swift; path = Grid.swift; sourceTree = "<group>"; };
		4FB640EA21A4FA440003742D /* GameView.swift */ = {isa = PBXFileReference; lastKnownFileType = sourcecode.swift; path = GameView.swift; sourceTree = "<group>"; };
/* End PBXFileReference section */

/* Begin PBXFrameworksBuildPhase section */
		4FB640CA21A4F9B30003742D /* Frameworks */ = {
			isa = PBXFrameworksBuildPhase;
			buildActionMask = 2147483647;
			files = (
			);
			runOnlyForDeploymentPostprocessing = 0;
		};
/* End PBXFrameworksBuildPhase section */

/* Begin PBXGroup section */
		4F38A32821A4FD060054F169 /* SetGame */ = {
			isa = PBXGroup;
			children = (
				4FB640D221A4F9B30003742D /* SetGameViewController.swift */,
				4FB640E221A4F9FB0003742D /* Card.swift */,
				4FB640E421A4FA110003742D /* Set.swift */,
				4FB640E621A4FA220003742D /* CardView.swift */,
				4FB640E821A4FA350003742D /* Grid.swift */,
				4FB640EA21A4FA440003742D /* GameView.swift */,
			);
			path = SetGame;
			sourceTree = "<group>";
		};
		4F38A33321A502110054F169 /* ConcentrationGame */ = {
			isa = PBXGroup;
			children = (
				4F38A32D21A501E30054F169 /* ConcentrationGameViewController.swift */,
				4F38A32F21A501F00054F169 /* ConcentrationCard.swift */,
				4F38A33121A502020054F169 /* Concentration.swift */,
			);
			path = ConcentrationGame;
			sourceTree = "<group>";
		};
		4FB640C421A4F9B30003742D = {
			isa = PBXGroup;
			children = (
				4FB640CF21A4F9B30003742D /* MultipleMVC */,
				4FB640CE21A4F9B30003742D /* Products */,
			);
			sourceTree = "<group>";
		};
		4FB640CE21A4F9B30003742D /* Products */ = {
			isa = PBXGroup;
			children = (
				4FB640CD21A4F9B30003742D /* MultipleMVC.app */,
			);
			name = Products;
			sourceTree = "<group>";
		};
		4FB640CF21A4F9B30003742D /* MultipleMVC */ = {
			isa = PBXGroup;
			children = (
				4F38A32821A4FD060054F169 /* SetGame */,
				4F38A32B21A4FF270054F169 /* GameSelectorViewController.swift */,
				4F38A33321A502110054F169 /* ConcentrationGame */,
				4FB640D021A4F9B30003742D /* AppDelegate.swift */,
				4FB640D421A4F9B30003742D /* Main.storyboard */,
				4FB640D721A4F9B40003742D /* Assets.xcassets */,
				4F962F1721AF6CFF001C0888 /* Untitled-1.jpg */,
				4FB640D921A4F9B40003742D /* LaunchScreen.storyboard */,
				4FB640DC21A4F9B40003742D /* Info.plist */,
			);
			path = MultipleMVC;
			sourceTree = "<group>";
		};
/* End PBXGroup section */

/* Begin PBXNativeTarget section */
		4FB640CC21A4F9B30003742D /* MultipleMVC */ = {
			isa = PBXNativeTarget;
			buildConfigurationList = 4FB640DF21A4F9B40003742D /* Build configuration list for PBXNativeTarget "MultipleMVC" */;
			buildPhases = (
				4FB640C921A4F9B30003742D /* Sources */,
				4FB640CA21A4F9B30003742D /* Frameworks */,
				4FB640CB21A4F9B30003742D /* Resources */,
			);
			buildRules = (
			);
			dependencies = (
			);
			name = MultipleMVC;
			productName = MultipleMVC;
			productReference = 4FB640CD21A4F9B30003742D /* MultipleMVC.app */;
			productType = "com.apple.product-type.application";
		};
/* End PBXNativeTarget section */

/* Begin PBXProject section */
		4FB640C521A4F9B30003742D /* Project object */ = {
			isa = PBXProject;
			attributes = {
				LastSwiftUpdateCheck = 1010;
				LastUpgradeCheck = 1010;
				ORGANIZATIONNAME = "Pawel Misiak";
				TargetAttributes = {
					4FB640CC21A4F9B30003742D = {
						CreatedOnToolsVersion = 10.1;
					};
				};
			};
			buildConfigurationList = 4FB640C821A4F9B30003742D /* Build configuration list for PBXProject "MultipleMVC" */;
			compatibilityVersion = "Xcode 9.3";
			developmentRegion = en;
			hasScannedForEncodings = 0;
			knownRegions = (
				en,
				Base,
			);
			mainGroup = 4FB640C421A4F9B30003742D;
			productRefGroup = 4FB640CE21A4F9B30003742D /* Products */;
			projectDirPath = "";
			projectRoot = "";
			targets = (
				4FB640CC21A4F9B30003742D /* MultipleMVC */,
			);
		};
/* End PBXProject section */

/* Begin PBXResourcesBuildPhase section */
		4FB640CB21A4F9B30003742D /* Resources */ = {
			isa = PBXResourcesBuildPhase;
			buildActionMask = 2147483647;
			files = (
				4F962F1821AF6CFF001C0888 /* Untitled-1.jpg in Resources */,
				4FB640DB21A4F9B40003742D /* LaunchScreen.storyboard in Resources */,
				4FB640D821A4F9B40003742D /* Assets.xcassets in Resources */,
				4FB640D621A4F9B30003742D /* Main.storyboard in Resources */,
			);
			runOnlyForDeploymentPostprocessing = 0;
		};
/* End PBXResourcesBuildPhase section */

/* Begin PBXSourcesBuildPhase section */
		4FB640C921A4F9B30003742D /* Sources */ = {
			isa = PBXSourcesBuildPhase;
			buildActionMask = 2147483647;
			files = (
				4F38A33221A502020054F169 /* Concentration.swift in Sources */,
				4F38A32E21A501E30054F169 /* ConcentrationGameViewController.swift in Sources */,
				4FB640E521A4FA110003742D /* Set.swift in Sources */,
				4FB640D321A4F9B30003742D /* SetGameViewController.swift in Sources */,
				4F38A32C21A4FF270054F169 /* GameSelectorViewController.swift in Sources */,
				4FB640E321A4F9FB0003742D /* Card.swift in Sources */,
				4FB640D121A4F9B30003742D /* AppDelegate.swift in Sources */,
				4FB640E721A4FA220003742D /* CardView.swift in Sources */,
				4F38A33021A501F00054F169 /* ConcentrationCard.swift in Sources */,
				4FB640E921A4FA350003742D /* Grid.swift in Sources */,
				4FB640EB21A4FA440003742D /* GameView.swift in Sources */,
			);
			runOnlyForDeploymentPostprocessing = 0;
		};
/* End PBXSourcesBuildPhase section */

/* Begin PBXVariantGroup section */
		4FB640D421A4F9B30003742D /* Main.storyboard */ = {
			isa = PBXVariantGroup;
			children = (
				4FB640D521A4F9B30003742D /* Base */,
			);
			name = Main.storyboard;
			sourceTree = "<group>";
		};
		4FB640D921A4F9B40003742D /* LaunchScreen.storyboard */ = {
			isa = PBXVariantGroup;
			children = (
				4FB640DA21A4F9B40003742D /* Base */,
			);
			name = LaunchScreen.storyboard;
			sourceTree = "<group>";
		};
/* End PBXVariantGroup section */

/* Begin XCBuildConfiguration section */
		4FB640DD21A4F9B40003742D /* Debug */ = {
			isa = XCBuildConfiguration;
			buildSettings = {
				ALWAYS_SEARCH_USER_PATHS = NO;
				CLANG_ANALYZER_NONNULL = YES;
				CLANG_ANALYZER_NUMBER_OBJECT_CONVERSION = YES_AGGRESSIVE;
				CLANG_CXX_LANGUAGE_STANDARD = "gnu++14";
				CLANG_CXX_LIBRARY = "libc++";
				CLANG_ENABLE_MODULES = YES;
				CLANG_ENABLE_OBJC_ARC = YES;
				CLANG_ENABLE_OBJC_WEAK = YES;
				CLANG_WARN_BLOCK_CAPTURE_AUTORELEASING = YES;
				CLANG_WARN_BOOL_CONVERSION = YES;
				CLANG_WARN_COMMA = YES;
				CLANG_WARN_CONSTANT_CONVERSION = YES;
				CLANG_WARN_DEPRECATED_OBJC_IMPLEMENTATIONS = YES;
				CLANG_WARN_DIRECT_OBJC_ISA_USAGE = YES_ERROR;
				CLANG_WARN_DOCUMENTATION_COMMENTS = YES;
				CLANG_WARN_EMPTY_BODY = YES;
				CLANG_WARN_ENUM_CONVERSION = YES;
				CLANG_WARN_INFINITE_RECURSION = YES;
				CLANG_WARN_INT_CONVERSION = YES;
				CLANG_WARN_NON_LITERAL_NULL_CONVERSION = YES;
				CLANG_WARN_OBJC_IMPLICIT_RETAIN_SELF = YES;
				CLANG_WARN_OBJC_LITERAL_CONVERSION = YES;
				CLANG_WARN_OBJC_ROOT_CLASS = YES_ERROR;
				CLANG_WARN_RANGE_LOOP_ANALYSIS = YES;
				CLANG_WARN_STRICT_PROTOTYPES = YES;
				CLANG_WARN_SUSPICIOUS_MOVE = YES;
				CLANG_WARN_UNGUARDED_AVAILABILITY = YES_AGGRESSIVE;
				CLANG_WARN_UNREACHABLE_CODE = YES;
				CLANG_WARN__DUPLICATE_METHOD_MATCH = YES;
				CODE_SIGN_IDENTITY = "iPhone Developer";
				COPY_PHASE_STRIP = NO;
				DEBUG_INFORMATION_FORMAT = dwarf;
				ENABLE_STRICT_OBJC_MSGSEND = YES;
				ENABLE_TESTABILITY = YES;
				GCC_C_LANGUAGE_STANDARD = gnu11;
				GCC_DYNAMIC_NO_PIC = NO;
				GCC_NO_COMMON_BLOCKS = YES;
				GCC_OPTIMIZATION_LEVEL = 0;
				GCC_PREPROCESSOR_DEFINITIONS = (
					"DEBUG=1",
					"$(inherited)",
				);
				GCC_WARN_64_TO_32_BIT_CONVERSION = YES;
				GCC_WARN_ABOUT_RETURN_TYPE = YES_ERROR;
				GCC_WARN_UNDECLARED_SELECTOR = YES;
				GCC_WARN_UNINITIALIZED_AUTOS = YES_AGGRESSIVE;
				GCC_WARN_UNUSED_FUNCTION = YES;
				GCC_WARN_UNUSED_VARIABLE = YES;
				IPHONEOS_DEPLOYMENT_TARGET = 12.1;
				MTL_ENABLE_DEBUG_INFO = INCLUDE_SOURCE;
				MTL_FAST_MATH = YES;
				ONLY_ACTIVE_ARCH = YES;
				SDKROOT = iphoneos;
				SWIFT_ACTIVE_COMPILATION_CONDITIONS = DEBUG;
				SWIFT_OPTIMIZATION_LEVEL = "-Onone";
			};
			name = Debug;
		};
		4FB640DE21A4F9B40003742D /* Release */ = {
			isa = XCBuildConfiguration;
			buildSettings = {
				ALWAYS_SEARCH_USER_PATHS = NO;
				CLANG_ANALYZER_NONNULL = YES;
				CLANG_ANALYZER_NUMBER_OBJECT_CONVERSION = YES_AGGRESSIVE;
				CLANG_CXX_LANGUAGE_STANDARD = "gnu++14";
				CLANG_CXX_LIBRARY = "libc++";
				CLANG_ENABLE_MODULES = YES;
				CLANG_ENABLE_OBJC_ARC = YES;
				CLANG_ENABLE_OBJC_WEAK = YES;
				CLANG_WARN_BLOCK_CAPTURE_AUTORELEASING = YES;
				CLANG_WARN_BOOL_CONVERSION = YES;
				CLANG_WARN_COMMA = YES;
				CLANG_WARN_CONSTANT_CONVERSION = YES;
				CLANG_WARN_DEPRECATED_OBJC_IMPLEMENTATIONS = YES;
				CLANG_WARN_DIRECT_OBJC_ISA_USAGE = YES_ERROR;
				CLANG_WARN_DOCUMENTATION_COMMENTS = YES;
				CLANG_WARN_EMPTY_BODY = YES;
				CLANG_WARN_ENUM_CONVERSION = YES;
				CLANG_WARN_INFINITE_RECURSION = YES;
				CLANG_WARN_INT_CONVERSION = YES;
				CLANG_WARN_NON_LITERAL_NULL_CONVERSION = YES;
				CLANG_WARN_OBJC_IMPLICIT_RETAIN_SELF = YES;
				CLANG_WARN_OBJC_LITERAL_CONVERSION = YES;
				CLANG_WARN_OBJC_ROOT_CLASS = YES_ERROR;
				CLANG_WARN_RANGE_LOOP_ANALYSIS = YES;
				CLANG_WARN_STRICT_PROTOTYPES = YES;
				CLANG_WARN_SUSPICIOUS_MOVE = YES;
				CLANG_WARN_UNGUARDED_AVAILABILITY = YES_AGGRESSIVE;
				CLANG_WARN_UNREACHABLE_CODE = YES;
				CLANG_WARN__DUPLICATE_METHOD_MATCH = YES;
				CODE_SIGN_IDENTITY = "iPhone Developer";
				COPY_PHASE_STRIP = NO;
				DEBUG_INFORMATION_FORMAT = "dwarf-with-dsym";
				ENABLE_NS_ASSERTIONS = NO;
				ENABLE_STRICT_OBJC_MSGSEND = YES;
				GCC_C_LANGUAGE_STANDARD = gnu11;
				GCC_NO_COMMON_BLOCKS = YES;
				GCC_WARN_64_TO_32_BIT_CONVERSION = YES;
				GCC_WARN_ABOUT_RETURN_TYPE = YES_ERROR;
				GCC_WARN_UNDECLARED_SELECTOR = YES;
				GCC_WARN_UNINITIALIZED_AUTOS = YES_AGGRESSIVE;
				GCC_WARN_UNUSED_FUNCTION = YES;
				GCC_WARN_UNUSED_VARIABLE = YES;
				IPHONEOS_DEPLOYMENT_TARGET = 12.1;
				MTL_ENABLE_DEBUG_INFO = NO;
				MTL_FAST_MATH = YES;
				SDKROOT = iphoneos;
				SWIFT_COMPILATION_MODE = wholemodule;
				SWIFT_OPTIMIZATION_LEVEL = "-O";
				VALIDATE_PRODUCT = YES;
			};
			name = Release;
		};
		4FB640E021A4F9B40003742D /* Debug */ = {
			isa = XCBuildConfiguration;
			buildSettings = {
				CODE_SIGN_STYLE = Automatic;
				DEVELOPMENT_TEAM = RFWABKHTM5;
				INFOPLIST_FILE = MultipleMVC/Info.plist;
				LD_RUNPATH_SEARCH_PATHS = (
					"$(inherited)",
					"@executable_path/Frameworks",
				);
				PRODUCT_BUNDLE_IDENTIFIER = the.misiak.team.MultipleMVC;
				PRODUCT_NAME = "$(TARGET_NAME)";
				SWIFT_VERSION = 4.2;
				TARGETED_DEVICE_FAMILY = "1,2";
			};
			name = Debug;
		};
		4FB640E121A4F9B40003742D /* Release */ = {
			isa = XCBuildConfiguration;
			buildSettings = {
				CODE_SIGN_STYLE = Automatic;
				DEVELOPMENT_TEAM = RFWABKHTM5;
				INFOPLIST_FILE = MultipleMVC/Info.plist;
				LD_RUNPATH_SEARCH_PATHS = (
					"$(inherited)",
					"@executable_path/Frameworks",
				);
				PRODUCT_BUNDLE_IDENTIFIER = the.misiak.team.MultipleMVC;
				PRODUCT_NAME = "$(TARGET_NAME)";
				SWIFT_VERSION = 4.2;
				TARGETED_DEVICE_FAMILY = "1,2";
			};
			name = Release;
		};
/* End XCBuildConfiguration section */

/* Begin XCConfigurationList section */
		4FB640C821A4F9B30003742D /* Build configuration list for PBXProject "MultipleMVC" */ = {
			isa = XCConfigurationList;
			buildConfigurations = (
				4FB640DD21A4F9B40003742D /* Debug */,
				4FB640DE21A4F9B40003742D /* Release */,
			);
			defaultConfigurationIsVisible = 0;
			defaultConfigurationName = Release;
		};
		4FB640DF21A4F9B40003742D /* Build configuration list for PBXNativeTarget "MultipleMVC" */ = {
			isa = XCConfigurationList;
			buildConfigurations = (
				4FB640E021A4F9B40003742D /* Debug */,
				4FB640E121A4F9B40003742D /* Release */,
			);
			defaultConfigurationIsVisible = 0;
			defaultConfigurationName = Release;
		};
/* End XCConfigurationList section */
	};
	rootObject = 4FB640C521A4F9B30003742D /* Project object */;
}
